
Microsoft Visual Studio Solution File, Format Version 12.00
# Visual Studio Version 17
VisualStudioVersion = 17.4.33213.308
MinimumVisualStudioVersion = 10.0.40219.1
Project("{FAE04EC0-301F-11D3-BF4B-00C04F79EFBC}") = "WindowsFormsApp1", "WindowsFormsApp1\WindowsFormsApp1.csproj", "{B226D7D1-239E-4CB9-884D-21D1B1FF962A}"
EndProject
Project("{54435603-DBB4-11D2-8724-00A0C9A8B90C}") = "PersonelGiriş", "PersonelGiriş\PersonelGiriş.vdproj", "{CA53419A-E5B6-4349-AFA9-5F2A0D6AB52F}"
EndProject
Global
	GlobalSection(SolutionConfigurationPlatforms) = preSolution
		Debug|Any CPU = Debug|Any CPU
		Release|Any CPU = Release|Any CPU
	EndGlobalSection
	GlobalSection(ProjectConfigurationPlatforms) = postSolution
		{B226D7D1-239E-4CB9-884D-21D1B1FF962A}.Debug|Any CPU.ActiveCfg = Debug|Any CPU
		{B226D7D1-239E-4CB9-884D-21D1B1FF962A}.Debug|Any CPU.Build.0 = Debug|Any CPU
		{B226D7D1-239E-4CB9-884D-21D1B1FF962A}.Release|Any CPU.ActiveCfg = Release|Any CPU
		{B226D7D1-239E-4CB9-884D-21D1B1FF962A}.Release|Any CPU.Build.0 = Release|Any CPU
		{CA53419A-E5B6-4349-AFA9-5F2A0D6AB52F}.Debug|Any CPU.ActiveCfg = Debug
		{CA53419A-E5B6-4349-AFA9-5F2A0D6AB52F}.Release|Any CPU.ActiveCfg = Release
	EndGlobalSection
	GlobalSection(SolutionProperties) = preSolution
		HideSolutionNode = FALSE
	EndGlobalSection
	GlobalSection(ExtensibilityGlobals) = postSolution
		SolutionGuid = {8A66CF6E-6314-49E1-B7A3-6C1A1958CE60}
	EndGlobalSection
EndGlobal
